
Microsoft Visual Studio Solution File, Format Version 12.00
# Visual Studio Version 17
VisualStudioVersion = 17.4.32804.182
MinimumVisualStudioVersion = 10.0.40219.1
Project("{8BC9CEB8-8B4A-11D0-8D11-00A0C91BC942}") = "0.NxN_matrix", "NxN_matrix.vcxproj", "{C3981842-0A8D-4624-870D-D939EA9CF489}"
EndProject
Project("{8BC9CEB8-8B4A-11D0-8D11-00A0C91BC942}") = "1.map_matrix", "map_matrix\map_matrix.vcxproj", "{173A43CD-1658-4B12-8A47-F0AF4215F7FC}"
EndProject
Project("{8BC9CEB8-8B4A-11D0-8D11-00A0C91BC942}") = "2.Hashmap _matrix", "Hashmap _matrix\Hashmap _matrix.vcxproj", "{DEFBFAA9-36CF-4209-83DE-5EBD0EF930F3}"
EndProject
Project("{8BC9CEB8-8B4A-11D0-8D11-00A0C91BC942}") = "3.Compressed Row Storage", "3.Compressed Row Storage\3.Compressed Row Storage.vcxproj", "{C5FF8093-B053-4F65-A555-11E5A73376EB}"
EndProject
Project("{8BC9CEB8-8B4A-11D0-8D11-00A0C91BC942}") = "4.Sparse grid", "Sparse grid\Sparse grid.vcxproj", "{46C2638C-B2CE-49D5-AEFE-87BED6DC7DAF}"
EndProject
Project("{8BC9CEB8-8B4A-11D0-8D11-00A0C91BC942}") = "5.Hashmap in gird", "Hashmap in gird\Hashmap in gird.vcxproj", "{3B10C2B7-9131-47B0-9130-6141AB342806}"
EndProject
Project("{8BC9CEB8-8B4A-11D0-8D11-00A0C91BC942}") = "point in gird", "point in gird\point in gird.vcxproj", "{E33313A9-F450-495C-B50C-14C5A30EE810}"
EndProject
Global
	GlobalSection(SolutionConfigurationPlatforms) = preSolution
		Debug|x64 = Debug|x64
		Debug|x86 = Debug|x86
		Release|x64 = Release|x64
		Release|x86 = Release|x86
	EndGlobalSection
	GlobalSection(ProjectConfigurationPlatforms) = postSolution
		{C3981842-0A8D-4624-870D-D939EA9CF489}.Debug|x64.ActiveCfg = Debug|x64
		{C3981842-0A8D-4624-870D-D939EA9CF489}.Debug|x64.Build.0 = Debug|x64
		{C3981842-0A8D-4624-870D-D939EA9CF489}.Debug|x86.ActiveCfg = Debug|Win32
		{C3981842-0A8D-4624-870D-D939EA9CF489}.Debug|x86.Build.0 = Debug|Win32
		{C3981842-0A8D-4624-870D-D939EA9CF489}.Release|x64.ActiveCfg = Release|x64
		{C3981842-0A8D-4624-870D-D939EA9CF489}.Release|x64.Build.0 = Release|x64
		{C3981842-0A8D-4624-870D-D939EA9CF489}.Release|x86.ActiveCfg = Release|Win32
		{C3981842-0A8D-4624-870D-D939EA9CF489}.Release|x86.Build.0 = Release|Win32
		{173A43CD-1658-4B12-8A47-F0AF4215F7FC}.Debug|x64.ActiveCfg = Debug|x64
		{173A43CD-1658-4B12-8A47-F0AF4215F7FC}.Debug|x64.Build.0 = Debug|x64
		{173A43CD-1658-4B12-8A47-F0AF4215F7FC}.Debug|x86.ActiveCfg = Debug|Win32
		{173A43CD-1658-4B12-8A47-F0AF4215F7FC}.Debug|x86.Build.0 = Debug|Win32
		{173A43CD-1658-4B12-8A47-F0AF4215F7FC}.Release|x64.ActiveCfg = Release|x64
		{173A43CD-1658-4B12-8A47-F0AF4215F7FC}.Release|x64.Build.0 = Release|x64
		{173A43CD-1658-4B12-8A47-F0AF4215F7FC}.Release|x86.ActiveCfg = Release|Win32
		{173A43CD-1658-4B12-8A47-F0AF4215F7FC}.Release|x86.Build.0 = Release|Win32
		{DEFBFAA9-36CF-4209-83DE-5EBD0EF930F3}.Debug|x64.ActiveCfg = Debug|x64
		{DEFBFAA9-36CF-4209-83DE-5EBD0EF930F3}.Debug|x64.Build.0 = Debug|x64
		{DEFBFAA9-36CF-4209-83DE-5EBD0EF930F3}.Debug|x86.ActiveCfg = Debug|Win32
		{DEFBFAA9-36CF-4209-83DE-5EBD0EF930F3}.Debug|x86.Build.0 = Debug|Win32
		{DEFBFAA9-36CF-4209-83DE-5EBD0EF930F3}.Release|x64.ActiveCfg = Release|x64
		{DEFBFAA9-36CF-4209-83DE-5EBD0EF930F3}.Release|x64.Build.0 = Release|x64
		{DEFBFAA9-36CF-4209-83DE-5EBD0EF930F3}.Release|x86.ActiveCfg = Release|Win32
		{DEFBFAA9-36CF-4209-83DE-5EBD0EF930F3}.Release|x86.Build.0 = Release|Win32
		{C5FF8093-B053-4F65-A555-11E5A73376EB}.Debug|x64.ActiveCfg = Debug|x64
		{C5FF8093-B053-4F65-A555-11E5A73376EB}.Debug|x64.Build.0 = Debug|x64
		{C5FF8093-B053-4F65-A555-11E5A73376EB}.Debug|x86.ActiveCfg = Debug|Win32
		{C5FF8093-B053-4F65-A555-11E5A73376EB}.Debug|x86.Build.0 = Debug|Win32
		{C5FF8093-B053-4F65-A555-11E5A73376EB}.Release|x64.ActiveCfg = Release|x64
		{C5FF8093-B053-4F65-A555-11E5A73376EB}.Release|x64.Build.0 = Release|x64
		{C5FF8093-B053-4F65-A555-11E5A73376EB}.Release|x86.ActiveCfg = Release|Win32
		{C5FF8093-B053-4F65-A555-11E5A73376EB}.Release|x86.Build.0 = Release|Win32
		{46C2638C-B2CE-49D5-AEFE-87BED6DC7DAF}.Debug|x64.ActiveCfg = Debug|x64
		{46C2638C-B2CE-49D5-AEFE-87BED6DC7DAF}.Debug|x64.Build.0 = Debug|x64
		{46C2638C-B2CE-49D5-AEFE-87BED6DC7DAF}.Debug|x86.ActiveCfg = Debug|Win32
		{46C2638C-B2CE-49D5-AEFE-87BED6DC7DAF}.Debug|x86.Build.0 = Debug|Win32
		{46C2638C-B2CE-49D5-AEFE-87BED6DC7DAF}.Release|x64.ActiveCfg = Release|x64
		{46C2638C-B2CE-49D5-AEFE-87BED6DC7DAF}.Release|x64.Build.0 = Release|x64
		{46C2638C-B2CE-49D5-AEFE-87BED6DC7DAF}.Release|x86.ActiveCfg = Release|Win32
		{46C2638C-B2CE-49D5-AEFE-87BED6DC7DAF}.Release|x86.Build.0 = Release|Win32
		{3B10C2B7-9131-47B0-9130-6141AB342806}.Debug|x64.ActiveCfg = Debug|x64
		{3B10C2B7-9131-47B0-9130-6141AB342806}.Debug|x64.Build.0 = Debug|x64
		{3B10C2B7-9131-47B0-9130-6141AB342806}.Debug|x86.ActiveCfg = Debug|Win32
		{3B10C2B7-9131-47B0-9130-6141AB342806}.Debug|x86.Build.0 = Debug|Win32
		{3B10C2B7-9131-47B0-9130-6141AB342806}.Release|x64.ActiveCfg = Release|x64
		{3B10C2B7-9131-47B0-9130-6141AB342806}.Release|x64.Build.0 = Release|x64
		{3B10C2B7-9131-47B0-9130-6141AB342806}.Release|x86.ActiveCfg = Release|Win32
		{3B10C2B7-9131-47B0-9130-6141AB342806}.Release|x86.Build.0 = Release|Win32
		{E33313A9-F450-495C-B50C-14C5A30EE810}.Debug|x64.ActiveCfg = Debug|x64
		{E33313A9-F450-495C-B50C-14C5A30EE810}.Debug|x64.Build.0 = Debug|x64
		{E33313A9-F450-495C-B50C-14C5A30EE810}.Debug|x86.ActiveCfg = Debug|Win32
		{E33313A9-F450-495C-B50C-14C5A30EE810}.Debug|x86.Build.0 = Debug|Win32
		{E33313A9-F450-495C-B50C-14C5A30EE810}.Release|x64.ActiveCfg = Release|x64
		{E33313A9-F450-495C-B50C-14C5A30EE810}.Release|x64.Build.0 = Release|x64
		{E33313A9-F450-495C-B50C-14C5A30EE810}.Release|x86.ActiveCfg = Release|Win32
		{E33313A9-F450-495C-B50C-14C5A30EE810}.Release|x86.Build.0 = Release|Win32
	EndGlobalSection
	GlobalSection(SolutionProperties) = preSolution
		HideSolutionNode = FALSE
	EndGlobalSection
	GlobalSection(ExtensibilityGlobals) = postSolution
		SolutionGuid = {644E1C71-6114-49D9-BE88-7AE3A16B3CAC}
	EndGlobalSection
EndGlobal
